{
  "nodes": {
    "hspkgs": {
      "inputs": {
        "nixpkgs": "nixpkgs"
      },
      "locked": {
        "lastModified": 1660088532,
        "narHash": "sha256-SDOKKIT3YQ8E0t6apZgyDhlnB58sLvy67FLLJhy6fNY=",
        "owner": "podenv",
        "repo": "hspkgs",
        "rev": "cd711c5967c1313b6f91d1d40c7d68bfd561cfbe",
        "type": "github"
      },
      "original": {
        "owner": "podenv",
        "repo": "hspkgs",
        "rev": "cd711c5967c1313b6f91d1d40c7d68bfd561cfbe",
        "type": "github"
      }
    },
    "nixpkgs": {
      "locked": {
        "lastModified": 1659891956,
        "narHash": "sha256-ymyDKkXQs5Z9+ezMutHmnDqztYmDTFZEsFuaPeBzkMI=",
        "owner": "NixOS",
        "repo": "nixpkgs",
        "rev": "00d73d5385b63e868bd11282fb775f6fe4921fb5",
        "type": "github"
      },
      "original": {
        "owner": "NixOS",
        "repo": "nixpkgs",
        "rev": "00d73d5385b63e868bd11282fb775f6fe4921fb5",
        "type": "github"
      }
    },
    "root": {
      "inputs": {
        "hspkgs": "hspkgs"
      }
    }
  },
  "root": "root",
  "version": 7
}
